{
  "name": "sailent-foundation",
  "version": "0.1.0",
  "lockfileVersion": 3,
  "requires": true,
  "packages": {
    "": {
      "name": "sailent-foundation",
      "version": "0.1.0",
      "devDependencies": {
        "@types/node": "^22.10.5",
        "prettier": "^3.4.2",
        "prettier-plugin-tailwindcss": "^0.6.9",
        "turbo": "^2.3.3",
        "typescript": "^5.7.3"
      },
      "engines": {
        "node": ">=20.9.0",
        "pnpm": ">=9"
      }
    },
    "node_modules/@turbo/darwin-64": {
      "version": "2.11.7",
      "resolved": "https://registry.npmjs.org/@turbo/darwin-64/-/darwin-64-2.11.7.tgz",
      "integrity": "sha512-Z2LFOxwbiJueD1miByXJS/BrW21vv6YaQXZustty5jEX4vQYw6zyh101Sz1QO7WG0mqBzKagZ/DoAeeujI0/Sw==",
      "cpu": [
        "x64"
      ],
      "dev": true,
      "license": "MIT",
      "optional": true,
      "os": [
        "darwin"
      ]
    },
    "node_modules/@turbo/darwin-arm64": {
      "version": "2.11.7",
      "resolved": "https://registry.npmjs.org/@turbo/darwin-arm64/-/darwin-arm64-2.11.7.tgz",
      "integrity": "sha512-Vhv8ybgIflosNDSSRD9fNXHlCFA60dsGyTqQmc7l28SEX5jOaweCCD4BBYNd8/p0WGkw3e7tZbfA9w6FsujGvw==",
      "cpu": [
        "arm64"
      ],
      "dev": true,
      "license": "MIT",
      "optional": true,
      "os": [
        "darwin"
      ]
    },
    "node_modules/@turbo/linux-64": {
      "version": "2.11.7",
      "resolved": "https://registry.npmjs.org/@turbo/linux-64/-/linux-64-2.11.7.tgz",
      "integrity": "sha512-rAqRp3blQKk1+ylMGlZHAW0eJjVNuuGUm4ZrC6RU1Im8tLryvaO4a2zLQ/FQi1TRlmKqKV9YXBki2YeytlLbXA==",
      "cpu": [
        "x64"
      ],
      "dev": true,
      "license": "MIT",
      "optional": true,
      "os": [
        "android",
        "linux"
      ]
    },
    "node_modules/@turbo/linux-arm64": {
      "version": "2.11.7",
      "resolved": "https://registry.npmjs.org/@turbo/linux-arm64/-/linux-arm64-2.11.7.tgz",
      "integrity": "sha512-thVYGov7S+llXAxrl3kBb/efalav0xhrjl5NHCR6AfKx14JkbqaetvbVwyss4FvZ9rt+Pv3xsTb+8SIYix8DTg==",
      "cpu": [
        "arm64"
      ],
      "dev": true,
      "license": "MIT",
      "optional": true,
      "os": [
        "android",
        "linux"
      ]
    },
    "node_modules/@turbo/windows-64": {
      "version": "2.11.7",
      "resolved": "https://registry.npmjs.org/@turbo/windows-64/-/windows-64-2.11.7.tgz",
      "integrity": "sha512-ZIoKT7J7KutgYl4bGxmmgeUQjG+7E0nY8BF9dxUOiMH2vdTsM4JQ2uSwTYFkTR2Llbg6ghGjSmuZ8LQtkLEYjg==",
      "cpu": [
        "x64"
      ],
      "dev": true,
      "license": "MIT",
      "optional": true,
      "os": [
        "win32"
      ]
    },
    "node_modules/@turbo/windows-arm64": {
      "version": "2.11.7",
      "resolved": "https://registry.npmjs.org/@turbo/windows-arm64/-/windows-arm64-2.11.7.tgz",
      "integrity": "sha512-88Xv2f7SLGVJ68lRRx8o375dKmnZYNdDtvlKcPA0kZpcF93eAQd8l96BKQ0/AMHG0bMJA0Z5QqoqtetxzNsC+g==",
      "cpu": [
        "arm64"
      ],
      "dev": true,
      "license": "MIT",
      "optional": true,
      "os": [
        "win32"
      ]
    },
    "node_modules/@types/node": {
      "version": "22.20.5",
      "resolved": "https://registry.npmjs.org/@types/node/-/node-22.20.5.tgz",
      "integrity": "sha512-U2+DNr+wSjpsTS/wZGYHq7GcwfuSmKiKvoPvK22zwTlRhU91yOniN4qRR5KhIjvif7ysw/dz/hKmfDH0Ris4aA==",
      "dev": true,
      "license": "MIT",
      "dependencies": {
        "undici-types": "~6.21.0"
      }
    },
    "node_modules/prettier": {
      "version": "3.9.9",
      "resolved": "https://registry.npmjs.org/prettier/-/prettier-3.9.9.tgz",
      "integrity": "sha512-Z/CJHIkdujO/OtN7nXUii0Rf3VT5SRuhjBA82Xvu2XhBUgX3nhP67T0LHceBdQLex7OOFGTox+Q5Yg8Jk2Qivg==",
      "dev": true,
      "license": "MIT",
      "bin": {
        "prettier": "bin/prettier.cjs"
      },
      "engines": {
        "node": ">=14"
      },
      "funding": {
        "url": "https://github.com/prettier/prettier?sponsor=1"
      }
    },
    "node_modules/prettier-plugin-tailwindcss": {
      "version": "0.6.14",
      "resolved": "https://registry.npmjs.org/prettier-plugin-tailwindcss/-/prettier-plugin-tailwindcss-0.6.14.tgz",
      "integrity": "sha512-pi2e/+ZygeIqntN+vC573BcW5Cve8zUB0SSAGxqpB4f96boZF4M3phPVoOFCeypwkpRYdi7+jQ5YJJUwrkGUAg==",
      "dev": true,
      "license": "MIT",
      "engines": {
        "node": ">=14.21.3"
      },
      "peerDependencies": {
        "@ianvs/prettier-plugin-sort-imports": "*",
        "@prettier/plugin-hermes": "*",
        "@prettier/plugin-oxc": "*",
        "@prettier/plugin-pug": "*",
        "@shopify/prettier-plugin-liquid": "*",
        "@trivago/prettier-plugin-sort-imports": "*",
        "@zackad/prettier-plugin-twig": "*",
        "prettier": "^3.0",
        "prettier-plugin-astro": "*",
        "prettier-plugin-css-order": "*",
        "prettier-plugin-import-sort": "*",
        "prettier-plugin-jsdoc": "*",
        "prettier-plugin-marko": "*",
        "prettier-plugin-multiline-arrays": "*",
        "prettier-plugin-organize-attributes": "*",
        "prettier-plugin-organize-imports": "*",
        "prettier-plugin-sort-imports": "*",
        "prettier-plugin-style-order": "*",
        "prettier-plugin-svelte": "*"
      },
      "peerDependenciesMeta": {
        "@ianvs/prettier-plugin-sort-imports": {
          "optional": true
        },
        "@prettier/plugin-hermes": {
          "optional": true
        },
        "@prettier/plugin-oxc": {
          "optional": true
        },
        "@prettier/plugin-pug": {
          "optional": true
        },
        "@shopify/prettier-plugin-liquid": {
          "optional": true
        },
        "@trivago/prettier-plugin-sort-imports": {
          "optional": true
        },
        "@zackad/prettier-plugin-twig": {
          "optional": true
        },
        "prettier-plugin-astro": {
          "optional": true
        },
        "prettier-plugin-css-order": {
          "optional": true
        },
        "prettier-plugin-import-sort": {
          "optional": true
        },
        "prettier-plugin-jsdoc": {
          "optional": true
        },
        "prettier-plugin-marko": {
          "optional": true
        },
        "prettier-plugin-multiline-arrays": {
          "optional": true
        },
        "prettier-plugin-organize-attributes": {
          "optional": true
        },
        "prettier-plugin-organize-imports": {
          "optional": true
        },
        "prettier-plugin-sort-imports": {
          "optional": true
        },
        "prettier-plugin-style-order": {
          "optional": true
        },
        "prettier-plugin-svelte": {
          "optional": true
        }
      }
    },
    "node_modules/turbo": {
      "version": "2.11.7",
      "resolved": "https://registry.npmjs.org/turbo/-/turbo-2.11.7.tgz",
      "integrity": "sha512-RhXHbqfvY6o3xt/zSHCwSNwLrZlXiqHzewi4eAj9PtZ1T1CqgMJ2yIDb7SKPTG9IikTm925mfzL6hldQVdyNWw==",
      "dev": true,
      "license": "MIT",
      "bin": {
        "turbo": "bin/turbo"
      },
      "optionalDependencies": {
        "@turbo/darwin-64": "2.11.7",
        "@turbo/darwin-arm64": "2.11.7",
        "@turbo/linux-64": "2.11.7",
        "@turbo/linux-arm64": "2.11.7",
        "@turbo/windows-64": "2.11.7",
        "@turbo/windows-arm64": "2.11.7"
      }
    },
    "node_modules/typescript": {
      "version": "5.9.3",
      "resolved": "https://registry.npmjs.org/typescript/-/typescript-5.9.3.tgz",
      "integrity": "sha512-jl1vZzPDinLr9eUt3J/t7V6FgNEw9QjvBPdysz9KfQDD41fQrC2Y4vKQdiaUpFT4bXlb1RHhLpp8wtm6M5TgSw==",
      "dev": true,
      "license": "Apache-2.0",
      "bin": {
        "tsc": "bin/tsc",
        "tsserver": "bin/tsserver"
      },
      "engines": {
        "node": ">=14.17"
      }
    },
    "node_modules/undici-types": {
      "version": "6.21.0",
      "resolved": "https://registry.npmjs.org/undici-types/-/undici-types-6.21.0.tgz",
      "integrity": "sha512-iwDZqg0QAGrg9Rav5H4n0M64c3mkR59cJ6wQp+7C4nI0gsmExaedaYLNO44eT4AtBBwjbTiGPMlt2Md0T9H9JQ==",
      "dev": true,
      "license": "MIT"
    }
  }
}
